
Microsoft Visual Studio Solution File, Format Version 12.00
# Visual Studio Version 16
VisualStudioVersion = 16.0.29806.167
MinimumVisualStudioVersion = 10.0.40219.1
Project("{8BC9CEB8-8B4A-11D0-8D11-00A0C91BC942}") = "EngineFixes", "enginefixes.vcxproj", "{E831D5DE-B2CE-42F3-B0BC-32DCDFD3ACD4}"
	ProjectSection(ProjectDependencies) = postProject
		{472E19AB-DEF0-42DF-819B-18722E8DC822} = {472E19AB-DEF0-42DF-819B-18722E8DC822}
	EndProjectSection
EndProject
Project("{8BC9CEB8-8B4A-11D0-8D11-00A0C91BC942}") = "common_vc14", "sksevr\common\common_vc14.vcxproj", "{472E19AB-DEF0-42DF-819B-18722E8DC822}"
EndProject
Project("{2150E333-8FDC-42A3-9474-1A3956D46DE8}") = "Solution Items", "Solution Items", "{12E02984-6D45-43AC-9111-2C539AF3F754}"
EndProject
Project("{8BC9CEB8-8B4A-11D0-8D11-00A0C91BC942}") = "skse64_common", "sksevr\skse64_common\skse64_common.vcxproj", "{5FD1C08D-DB80-480C-A1C6-F0920005CD13}"
EndProject
Project("{8BC9CEB8-8B4A-11D0-8D11-00A0C91BC942}") = "skse64", "sksevr\skse64\skse64.vcxproj", "{639411C0-FC23-4819-A0C5-429A4E5D8A51}"
EndProject
Global
	GlobalSection(SolutionConfigurationPlatforms) = preSolution
		Debug_Lib_VC142|x64 = Debug_Lib_VC142|x64
		Debug_Lib|x64 = Debug_Lib|x64
		Debug_VC142|x64 = Debug_VC142|x64
		Debug|x64 = Debug|x64
		Release_Lib_VC142|x64 = Release_Lib_VC142|x64
		Release_Lib|x64 = Release_Lib|x64
		Release_VC142|x64 = Release_VC142|x64
		Release|x64 = Release|x64
	EndGlobalSection
	GlobalSection(ProjectConfigurationPlatforms) = postSolution
		{E831D5DE-B2CE-42F3-B0BC-32DCDFD3ACD4}.Debug_Lib_VC142|x64.ActiveCfg = Debug|x64
		{E831D5DE-B2CE-42F3-B0BC-32DCDFD3ACD4}.Debug_Lib_VC142|x64.Build.0 = Debug|x64
		{E831D5DE-B2CE-42F3-B0BC-32DCDFD3ACD4}.Debug_Lib|x64.ActiveCfg = Debug|x64
		{E831D5DE-B2CE-42F3-B0BC-32DCDFD3ACD4}.Debug_Lib|x64.Build.0 = Debug|x64
		{E831D5DE-B2CE-42F3-B0BC-32DCDFD3ACD4}.Debug_VC142|x64.ActiveCfg = Debug|x64
		{E831D5DE-B2CE-42F3-B0BC-32DCDFD3ACD4}.Debug_VC142|x64.Build.0 = Debug|x64
		{E831D5DE-B2CE-42F3-B0BC-32DCDFD3ACD4}.Debug|x64.ActiveCfg = Debug|x64
		{E831D5DE-B2CE-42F3-B0BC-32DCDFD3ACD4}.Debug|x64.Build.0 = Debug|x64
		{E831D5DE-B2CE-42F3-B0BC-32DCDFD3ACD4}.Release_Lib_VC142|x64.ActiveCfg = Release|x64
		{E831D5DE-B2CE-42F3-B0BC-32DCDFD3ACD4}.Release_Lib_VC142|x64.Build.0 = Release|x64
		{E831D5DE-B2CE-42F3-B0BC-32DCDFD3ACD4}.Release_Lib|x64.ActiveCfg = Release|x64
		{E831D5DE-B2CE-42F3-B0BC-32DCDFD3ACD4}.Release_Lib|x64.Build.0 = Release|x64
		{E831D5DE-B2CE-42F3-B0BC-32DCDFD3ACD4}.Release_VC142|x64.ActiveCfg = Release|x64
		{E831D5DE-B2CE-42F3-B0BC-32DCDFD3ACD4}.Release_VC142|x64.Build.0 = Release|x64
		{E831D5DE-B2CE-42F3-B0BC-32DCDFD3ACD4}.Release|x64.ActiveCfg = Release|x64
		{E831D5DE-B2CE-42F3-B0BC-32DCDFD3ACD4}.Release|x64.Build.0 = Release|x64
		{472E19AB-DEF0-42DF-819B-18722E8DC822}.Debug_Lib_VC142|x64.ActiveCfg = Debug|x64
		{472E19AB-DEF0-42DF-819B-18722E8DC822}.Debug_Lib_VC142|x64.Build.0 = Debug|x64
		{472E19AB-DEF0-42DF-819B-18722E8DC822}.Debug_Lib|x64.ActiveCfg = Debug|x64
		{472E19AB-DEF0-42DF-819B-18722E8DC822}.Debug_Lib|x64.Build.0 = Debug|x64
		{472E19AB-DEF0-42DF-819B-18722E8DC822}.Debug_VC142|x64.ActiveCfg = Debug|x64
		{472E19AB-DEF0-42DF-819B-18722E8DC822}.Debug_VC142|x64.Build.0 = Debug|x64
		{472E19AB-DEF0-42DF-819B-18722E8DC822}.Debug|x64.ActiveCfg = Debug|x64
		{472E19AB-DEF0-42DF-819B-18722E8DC822}.Debug|x64.Build.0 = Debug|x64
		{472E19AB-DEF0-42DF-819B-18722E8DC822}.Release_Lib_VC142|x64.ActiveCfg = Release|x64
		{472E19AB-DEF0-42DF-819B-18722E8DC822}.Release_Lib_VC142|x64.Build.0 = Release|x64
		{472E19AB-DEF0-42DF-819B-18722E8DC822}.Release_Lib|x64.ActiveCfg = Release|x64
		{472E19AB-DEF0-42DF-819B-18722E8DC822}.Release_Lib|x64.Build.0 = Release|x64
		{472E19AB-DEF0-42DF-819B-18722E8DC822}.Release_VC142|x64.ActiveCfg = Release|x64
		{472E19AB-DEF0-42DF-819B-18722E8DC822}.Release_VC142|x64.Build.0 = Release|x64
		{472E19AB-DEF0-42DF-819B-18722E8DC822}.Release|x64.ActiveCfg = Release|x64
		{472E19AB-DEF0-42DF-819B-18722E8DC822}.Release|x64.Build.0 = Release|x64
		{5FD1C08D-DB80-480C-A1C6-F0920005CD13}.Debug_Lib_VC142|x64.ActiveCfg = Debug_VC142|x64
		{5FD1C08D-DB80-480C-A1C6-F0920005CD13}.Debug_Lib_VC142|x64.Build.0 = Debug_VC142|x64
		{5FD1C08D-DB80-480C-A1C6-F0920005CD13}.Debug_Lib|x64.ActiveCfg = Debug_VC142|x64
		{5FD1C08D-DB80-480C-A1C6-F0920005CD13}.Debug_Lib|x64.Build.0 = Debug_VC142|x64
		{5FD1C08D-DB80-480C-A1C6-F0920005CD13}.Debug_VC142|x64.ActiveCfg = Debug_VC142|x64
		{5FD1C08D-DB80-480C-A1C6-F0920005CD13}.Debug_VC142|x64.Build.0 = Debug_VC142|x64
		{5FD1C08D-DB80-480C-A1C6-F0920005CD13}.Debug|x64.ActiveCfg = Debug|x64
		{5FD1C08D-DB80-480C-A1C6-F0920005CD13}.Debug|x64.Build.0 = Debug|x64
		{5FD1C08D-DB80-480C-A1C6-F0920005CD13}.Release_Lib_VC142|x64.ActiveCfg = Release_VC142|x64
		{5FD1C08D-DB80-480C-A1C6-F0920005CD13}.Release_Lib_VC142|x64.Build.0 = Release_VC142|x64
		{5FD1C08D-DB80-480C-A1C6-F0920005CD13}.Release_Lib|x64.ActiveCfg = Release_VC142|x64
		{5FD1C08D-DB80-480C-A1C6-F0920005CD13}.Release_Lib|x64.Build.0 = Release_VC142|x64
		{5FD1C08D-DB80-480C-A1C6-F0920005CD13}.Release_VC142|x64.ActiveCfg = Release_VC142|x64
		{5FD1C08D-DB80-480C-A1C6-F0920005CD13}.Release_VC142|x64.Build.0 = Release_VC142|x64
		{5FD1C08D-DB80-480C-A1C6-F0920005CD13}.Release|x64.ActiveCfg = Release|x64
		{5FD1C08D-DB80-480C-A1C6-F0920005CD13}.Release|x64.Build.0 = Release|x64
		{639411C0-FC23-4819-A0C5-429A4E5D8A51}.Debug_Lib_VC142|x64.ActiveCfg = Debug_Lib_VC142|x64
		{639411C0-FC23-4819-A0C5-429A4E5D8A51}.Debug_Lib_VC142|x64.Build.0 = Debug_Lib_VC142|x64
		{639411C0-FC23-4819-A0C5-429A4E5D8A51}.Debug_Lib|x64.ActiveCfg = Debug_Lib|x64
		{639411C0-FC23-4819-A0C5-429A4E5D8A51}.Debug_Lib|x64.Build.0 = Debug_Lib|x64
		{639411C0-FC23-4819-A0C5-429A4E5D8A51}.Debug_VC142|x64.ActiveCfg = Debug_Lib|x64
		{639411C0-FC23-4819-A0C5-429A4E5D8A51}.Debug_VC142|x64.Build.0 = Debug_Lib|x64
		{639411C0-FC23-4819-A0C5-429A4E5D8A51}.Debug|x64.ActiveCfg = Debug|x64
		{639411C0-FC23-4819-A0C5-429A4E5D8A51}.Debug|x64.Build.0 = Debug|x64
		{639411C0-FC23-4819-A0C5-429A4E5D8A51}.Release_Lib_VC142|x64.ActiveCfg = Release_Lib_VC142|x64
		{639411C0-FC23-4819-A0C5-429A4E5D8A51}.Release_Lib_VC142|x64.Build.0 = Release_Lib_VC142|x64
		{639411C0-FC23-4819-A0C5-429A4E5D8A51}.Release_Lib|x64.ActiveCfg = Release_Lib|x64
		{639411C0-FC23-4819-A0C5-429A4E5D8A51}.Release_Lib|x64.Build.0 = Release_Lib|x64
		{639411C0-FC23-4819-A0C5-429A4E5D8A51}.Release_VC142|x64.ActiveCfg = Release_Lib_VC142|x64
		{639411C0-FC23-4819-A0C5-429A4E5D8A51}.Release_VC142|x64.Build.0 = Release_Lib_VC142|x64
		{639411C0-FC23-4819-A0C5-429A4E5D8A51}.Release|x64.ActiveCfg = Release|x64
		{639411C0-FC23-4819-A0C5-429A4E5D8A51}.Release|x64.Build.0 = Release|x64
	EndGlobalSection
	GlobalSection(SolutionProperties) = preSolution
		HideSolutionNode = FALSE
	EndGlobalSection
	GlobalSection(ExtensibilityGlobals) = postSolution
		SolutionGuid = {FCF4A3B0-C28A-4363-9D98-71382E2C91D8}
	EndGlobalSection
EndGlobal
